
Microsoft Visual Studio Solution File, Format Version 12.00
# Visual Studio 15
Project("{FAE04EC0-301F-11D3-BF4B-00C04F79EFBC}") = "UnityEditor.UI", "UnityEditor.UI.csproj", "{C42E373A-C034-4C5B-5988-03D977E2DDDE}"
EndProject
Project("{FAE04EC0-301F-11D3-BF4B-00C04F79EFBC}") = "UnityEngine.UI", "UnityEngine.UI.csproj", "{5CE5CC2C-E18C-93AF-62A9-4C89408E3C8B}"
EndProject
Project("{FAE04EC0-301F-11D3-BF4B-00C04F79EFBC}") = "Assembly-CSharp", "Assembly-CSharp.csproj", "{7F70F501-691D-A177-3015-69ED095938F9}"
EndProject
Project("{FAE04EC0-301F-11D3-BF4B-00C04F79EFBC}") = "UnityEngine.UI", "UnityEngine.UI.Player.csproj", "{3DE367C8-87CC-8F87-9B49-D3DB256E9262}"
EndProject
Project("{FAE04EC0-301F-11D3-BF4B-00C04F79EFBC}") = "Assembly-CSharp", "Assembly-CSharp.Player.csproj", "{698C6EBB-8DD1-86E2-6EAE-8A9642DD7327}"
EndProject
Global
	GlobalSection(SolutionConfigurationPlatforms) = preSolution
		Debug|Any CPU = Debug|Any CPU
		Release|Any CPU = Release|Any CPU
	EndGlobalSection
	GlobalSection(ProjectConfigurationPlatforms) = postSolution
		{C42E373A-C034-4C5B-5988-03D977E2DDDE}.Debug|Any CPU.ActiveCfg = Debug|Any CPU
		{C42E373A-C034-4C5B-5988-03D977E2DDDE}.Debug|Any CPU.Build.0 = Debug|Any CPU
		{C42E373A-C034-4C5B-5988-03D977E2DDDE}.Release|Any CPU.ActiveCfg = Release|Any CPU
		{C42E373A-C034-4C5B-5988-03D977E2DDDE}.Release|Any CPU.Build.0 = Release|Any CPU
		{5CE5CC2C-E18C-93AF-62A9-4C89408E3C8B}.Debug|Any CPU.ActiveCfg = Debug|Any CPU
		{5CE5CC2C-E18C-93AF-62A9-4C89408E3C8B}.Debug|Any CPU.Build.0 = Debug|Any CPU
		{5CE5CC2C-E18C-93AF-62A9-4C89408E3C8B}.Release|Any CPU.ActiveCfg = Release|Any CPU
		{5CE5CC2C-E18C-93AF-62A9-4C89408E3C8B}.Release|Any CPU.Build.0 = Release|Any CPU
		{7F70F501-691D-A177-3015-69ED095938F9}.Debug|Any CPU.ActiveCfg = Debug|Any CPU
		{7F70F501-691D-A177-3015-69ED095938F9}.Debug|Any CPU.Build.0 = Debug|Any CPU
		{7F70F501-691D-A177-3015-69ED095938F9}.Release|Any CPU.ActiveCfg = Release|Any CPU
		{7F70F501-691D-A177-3015-69ED095938F9}.Release|Any CPU.Build.0 = Release|Any CPU
		{3DE367C8-87CC-8F87-9B49-D3DB256E9262}.Debug|Any CPU.ActiveCfg = Debug|Any CPU
		{3DE367C8-87CC-8F87-9B49-D3DB256E9262}.Debug|Any CPU.Build.0 = Debug|Any CPU
		{3DE367C8-87CC-8F87-9B49-D3DB256E9262}.Release|Any CPU.ActiveCfg = Release|Any CPU
		{3DE367C8-87CC-8F87-9B49-D3DB256E9262}.Release|Any CPU.Build.0 = Release|Any CPU
		{698C6EBB-8DD1-86E2-6EAE-8A9642DD7327}.Debug|Any CPU.ActiveCfg = Debug|Any CPU
		{698C6EBB-8DD1-86E2-6EAE-8A9642DD7327}.Debug|Any CPU.Build.0 = Debug|Any CPU
		{698C6EBB-8DD1-86E2-6EAE-8A9642DD7327}.Release|Any CPU.ActiveCfg = Release|Any CPU
		{698C6EBB-8DD1-86E2-6EAE-8A9642DD7327}.Release|Any CPU.Build.0 = Release|Any CPU
	EndGlobalSection
	GlobalSection(SolutionProperties) = preSolution
		HideSolutionNode = FALSE
	EndGlobalSection
EndGlobal
